
Microsoft Visual Studio Solution File, Format Version 12.00
# Visual Studio Version 16
VisualStudioVersion = 16.0.30611.23
MinimumVisualStudioVersion = 10.0.40219.1
Project("{FAE04EC0-301F-11D3-BF4B-00C04F79EFBC}") = "dotNet5781_00_6594_6401", "dotNet5781_00_6594_6401\dotNet5781_00_6594_6401.csproj", "{5D9BBB3D-9F9C-4F85-9368-31D556CA577D}"
EndProject
Project("{FAE04EC0-301F-11D3-BF4B-00C04F79EFBC}") = "dotNet5781_01_6594_6401", "dotNet5781_01_6594_6401\dotNet5781_01_6594_6401.csproj", "{099F2E90-B917-4556-A897-877EF0C46C27}"
EndProject
Project("{FAE04EC0-301F-11D3-BF4B-00C04F79EFBC}") = "dotNet5781_02_6594_6401", "dotNet5781_02_6594_6401\dotNet5781_02_6594_6401.csproj", "{ADD10113-C9B8-48A1-B826-F10F44E60549}"
EndProject
Project("{FAE04EC0-301F-11D3-BF4B-00C04F79EFBC}") = "dotNet_03A_5781_6594_6401", "dotNet_03A_5781_6594_6401\dotNet_03A_5781_6594_6401.csproj", "{AE26EEC0-64B5-41E4-98D6-A9A2140E070B}"
EndProject
Project("{FAE04EC0-301F-11D3-BF4B-00C04F79EFBC}") = "dotNet5781_03B_6594_6401", "dotNet5781_03B_6594_6401\dotNet5781_03B_6594_6401.csproj", "{511A1EE1-0BE8-4AD3-B76C-8A0CF492942A}"
EndProject
Project("{FAE04EC0-301F-11D3-BF4B-00C04F79EFBC}") = "BL", "BL\BL.csproj", "{7F990DB6-7E90-45BD-A388-0E9C239ECDFE}"
EndProject
Project("{FAE04EC0-301F-11D3-BF4B-00C04F79EFBC}") = "DL", "DL\DL.csproj", "{79899DB4-BB45-44C4-A201-334D284EC160}"
EndProject
Project("{FAE04EC0-301F-11D3-BF4B-00C04F79EFBC}") = "DS", "DS\DS.csproj", "{8062950D-FB93-4BCD-8511-D2B8361C0A71}"
EndProject
Project("{FAE04EC0-301F-11D3-BF4B-00C04F79EFBC}") = "DLAPI", "DLAPI\DLAPI.csproj", "{0AE5E0AC-5FA4-4BED-B222-314D1DA6C8CE}"
EndProject
Project("{FAE04EC0-301F-11D3-BF4B-00C04F79EFBC}") = "PL", "PL\PL.csproj", "{BAA904D0-1C08-40FB-89C7-003D93E70B7C}"
EndProject
Project("{FAE04EC0-301F-11D3-BF4B-00C04F79EFBC}") = "PLConsole", "PLConsole\PLConsole.csproj", "{5F1A485F-5C36-4123-9FEA-34FB1FBA8262}"
EndProject
Project("{2150E333-8FDC-42A3-9474-1A3956D46DE8}") = "~Exercise", "~Exercise", "{9227B7D6-D57A-4649-BCEC-5164B82A419B}"
EndProject
Project("{2150E333-8FDC-42A3-9474-1A3956D46DE8}") = "Solution Items", "Solution Items", "{72B553CD-4FF0-477D-831F-196703BB9B40}"
	ProjectSection(SolutionItems) = preProject
		config.xml = config.xml
	EndProjectSection
EndProject
Project("{FAE04EC0-301F-11D3-BF4B-00C04F79EFBC}") = "DLXml", "DLXml\DLXml.csproj", "{6A9F1EB4-6531-4769-A03F-A82E548A17C4}"
EndProject
Global
	GlobalSection(SolutionConfigurationPlatforms) = preSolution
		Debug|Any CPU = Debug|Any CPU
		Release|Any CPU = Release|Any CPU
	EndGlobalSection
	GlobalSection(ProjectConfigurationPlatforms) = postSolution
		{5D9BBB3D-9F9C-4F85-9368-31D556CA577D}.Debug|Any CPU.ActiveCfg = Debug|Any CPU
		{5D9BBB3D-9F9C-4F85-9368-31D556CA577D}.Debug|Any CPU.Build.0 = Debug|Any CPU
		{5D9BBB3D-9F9C-4F85-9368-31D556CA577D}.Release|Any CPU.ActiveCfg = Release|Any CPU
		{5D9BBB3D-9F9C-4F85-9368-31D556CA577D}.Release|Any CPU.Build.0 = Release|Any CPU
		{099F2E90-B917-4556-A897-877EF0C46C27}.Debug|Any CPU.ActiveCfg = Debug|Any CPU
		{099F2E90-B917-4556-A897-877EF0C46C27}.Debug|Any CPU.Build.0 = Debug|Any CPU
		{099F2E90-B917-4556-A897-877EF0C46C27}.Release|Any CPU.ActiveCfg = Release|Any CPU
		{099F2E90-B917-4556-A897-877EF0C46C27}.Release|Any CPU.Build.0 = Release|Any CPU
		{ADD10113-C9B8-48A1-B826-F10F44E60549}.Debug|Any CPU.ActiveCfg = Debug|Any CPU
		{ADD10113-C9B8-48A1-B826-F10F44E60549}.Debug|Any CPU.Build.0 = Debug|Any CPU
		{ADD10113-C9B8-48A1-B826-F10F44E60549}.Release|Any CPU.ActiveCfg = Release|Any CPU
		{ADD10113-C9B8-48A1-B826-F10F44E60549}.Release|Any CPU.Build.0 = Release|Any CPU
		{AE26EEC0-64B5-41E4-98D6-A9A2140E070B}.Debug|Any CPU.ActiveCfg = Debug|Any CPU
		{AE26EEC0-64B5-41E4-98D6-A9A2140E070B}.Debug|Any CPU.Build.0 = Debug|Any CPU
		{AE26EEC0-64B5-41E4-98D6-A9A2140E070B}.Release|Any CPU.ActiveCfg = Release|Any CPU
		{AE26EEC0-64B5-41E4-98D6-A9A2140E070B}.Release|Any CPU.Build.0 = Release|Any CPU
		{511A1EE1-0BE8-4AD3-B76C-8A0CF492942A}.Debug|Any CPU.ActiveCfg = Debug|Any CPU
		{511A1EE1-0BE8-4AD3-B76C-8A0CF492942A}.Debug|Any CPU.Build.0 = Debug|Any CPU
		{511A1EE1-0BE8-4AD3-B76C-8A0CF492942A}.Release|Any CPU.ActiveCfg = Release|Any CPU
		{511A1EE1-0BE8-4AD3-B76C-8A0CF492942A}.Release|Any CPU.Build.0 = Release|Any CPU
		{7F990DB6-7E90-45BD-A388-0E9C239ECDFE}.Debug|Any CPU.ActiveCfg = Debug|Any CPU
		{7F990DB6-7E90-45BD-A388-0E9C239ECDFE}.Debug|Any CPU.Build.0 = Debug|Any CPU
		{7F990DB6-7E90-45BD-A388-0E9C239ECDFE}.Release|Any CPU.ActiveCfg = Release|Any CPU
		{7F990DB6-7E90-45BD-A388-0E9C239ECDFE}.Release|Any CPU.Build.0 = Release|Any CPU
		{79899DB4-BB45-44C4-A201-334D284EC160}.Debug|Any CPU.ActiveCfg = Debug|Any CPU
		{79899DB4-BB45-44C4-A201-334D284EC160}.Debug|Any CPU.Build.0 = Debug|Any CPU
		{79899DB4-BB45-44C4-A201-334D284EC160}.Release|Any CPU.ActiveCfg = Release|Any CPU
		{79899DB4-BB45-44C4-A201-334D284EC160}.Release|Any CPU.Build.0 = Release|Any CPU
		{8062950D-FB93-4BCD-8511-D2B8361C0A71}.Debug|Any CPU.ActiveCfg = Debug|Any CPU
		{8062950D-FB93-4BCD-8511-D2B8361C0A71}.Debug|Any CPU.Build.0 = Debug|Any CPU
		{8062950D-FB93-4BCD-8511-D2B8361C0A71}.Release|Any CPU.ActiveCfg = Release|Any CPU
		{8062950D-FB93-4BCD-8511-D2B8361C0A71}.Release|Any CPU.Build.0 = Release|Any CPU
		{0AE5E0AC-5FA4-4BED-B222-314D1DA6C8CE}.Debug|Any CPU.ActiveCfg = Debug|Any CPU
		{0AE5E0AC-5FA4-4BED-B222-314D1DA6C8CE}.Debug|Any CPU.Build.0 = Debug|Any CPU
		{0AE5E0AC-5FA4-4BED-B222-314D1DA6C8CE}.Release|Any CPU.ActiveCfg = Release|Any CPU
		{0AE5E0AC-5FA4-4BED-B222-314D1DA6C8CE}.Release|Any CPU.Build.0 = Release|Any CPU
		{BAA904D0-1C08-40FB-89C7-003D93E70B7C}.Debug|Any CPU.ActiveCfg = Debug|Any CPU
		{BAA904D0-1C08-40FB-89C7-003D93E70B7C}.Debug|Any CPU.Build.0 = Debug|Any CPU
		{BAA904D0-1C08-40FB-89C7-003D93E70B7C}.Release|Any CPU.ActiveCfg = Release|Any CPU
		{BAA904D0-1C08-40FB-89C7-003D93E70B7C}.Release|Any CPU.Build.0 = Release|Any CPU
		{5F1A485F-5C36-4123-9FEA-34FB1FBA8262}.Debug|Any CPU.ActiveCfg = Debug|Any CPU
		{5F1A485F-5C36-4123-9FEA-34FB1FBA8262}.Debug|Any CPU.Build.0 = Debug|Any CPU
		{5F1A485F-5C36-4123-9FEA-34FB1FBA8262}.Release|Any CPU.ActiveCfg = Release|Any CPU
		{5F1A485F-5C36-4123-9FEA-34FB1FBA8262}.Release|Any CPU.Build.0 = Release|Any CPU
		{6A9F1EB4-6531-4769-A03F-A82E548A17C4}.Debug|Any CPU.ActiveCfg = Debug|Any CPU
		{6A9F1EB4-6531-4769-A03F-A82E548A17C4}.Debug|Any CPU.Build.0 = Debug|Any CPU
		{6A9F1EB4-6531-4769-A03F-A82E548A17C4}.Release|Any CPU.ActiveCfg = Release|Any CPU
		{6A9F1EB4-6531-4769-A03F-A82E548A17C4}.Release|Any CPU.Build.0 = Release|Any CPU
	EndGlobalSection
	GlobalSection(SolutionProperties) = preSolution
		HideSolutionNode = FALSE
	EndGlobalSection
	GlobalSection(NestedProjects) = preSolution
		{5D9BBB3D-9F9C-4F85-9368-31D556CA577D} = {9227B7D6-D57A-4649-BCEC-5164B82A419B}
		{099F2E90-B917-4556-A897-877EF0C46C27} = {9227B7D6-D57A-4649-BCEC-5164B82A419B}
		{ADD10113-C9B8-48A1-B826-F10F44E60549} = {9227B7D6-D57A-4649-BCEC-5164B82A419B}
		{AE26EEC0-64B5-41E4-98D6-A9A2140E070B} = {9227B7D6-D57A-4649-BCEC-5164B82A419B}
		{511A1EE1-0BE8-4AD3-B76C-8A0CF492942A} = {9227B7D6-D57A-4649-BCEC-5164B82A419B}
	EndGlobalSection
	GlobalSection(ExtensibilityGlobals) = postSolution
		SolutionGuid = {EF93BC46-8F68-4E5A-8E58-9E88958AB5B6}
	EndGlobalSection
EndGlobal
